
Microsoft Visual Studio Solution File, Format Version 12.00
# Visual Studio Version 17
VisualStudioVersion = 17.14.36518.9 d17.14
MinimumVisualStudioVersion = 10.0.40219.1
Project("{FAE04EC0-301F-11D3-BF4B-00C04F79EFBC}") = "QLCF_NewVer", "QLCF_NewVer\QLCF_NewVer.csproj", "{2A920802-1C2B-4043-A4B4-4F6B84B87E80}"
EndProject
Global
	GlobalSection(SolutionConfigurationPlatforms) = preSolution
		Debug|Any CPU = Debug|Any CPU
		Release|Any CPU = Release|Any CPU
	EndGlobalSection
	GlobalSection(ProjectConfigurationPlatforms) = postSolution
		{2A920802-1C2B-4043-A4B4-4F6B84B87E80}.Debug|Any CPU.ActiveCfg = Debug|Any CPU
		{2A920802-1C2B-4043-A4B4-4F6B84B87E80}.Debug|Any CPU.Build.0 = Debug|Any CPU
		{2A920802-1C2B-4043-A4B4-4F6B84B87E80}.Release|Any CPU.ActiveCfg = Release|Any CPU
		{2A920802-1C2B-4043-A4B4-4F6B84B87E80}.Release|Any CPU.Build.0 = Release|Any CPU
	EndGlobalSection
	GlobalSection(SolutionProperties) = preSolution
		HideSolutionNode = FALSE
	EndGlobalSection
	GlobalSection(ExtensibilityGlobals) = postSolution
		SolutionGuid = {A0293003-6B2C-4567-9979-6BFF93737DAB}
	EndGlobalSection
EndGlobal
